<?xml version="1.0" encoding="utf-8"?>
<Project ToolsVersion="4.0" xmlns="http://schemas.microsoft.com/developer/msbuild/2003">
  <ItemGroup>
    <Filter Include="Header">
      <UniqueIdentifier>{5de50354-ea5b-49e9-b4c8-c5d04343031e}</UniqueIdentifier>
    </Filter>
  </ItemGroup>
  <ItemGroup>
    <ClInclude Include="Header.h">
      <Filter>Header</Filter>
    </ClInclude>
    <ClInclude Include="framework.h">
      <Filter>Header</Filter>
    </ClInclude>
    <ClInclude Include="BinaryIOHelpers.h">
      <Filter>Header</Filter>
    </ClInclude>
    <ClInclude Include="RWObfuscator.hpp">
      <Filter>Header</Filter>
    </ClInclude>
    <ClInclude Include="resource.h" />
  </ItemGroup>
  <ItemGroup>
    <ClCompile Include="GUI-Obfuscator.cpp" />
  </ItemGroup>
  <ItemGroup>
    <ResourceCompile Include="GUI-Obfuscator.rc" />
  </ItemGroup>
  <ItemGroup>
    <Image Include="small.ico" />
  </ItemGroup>
</Project>